{
  "requires": true,
  "lockfileVersion": 1,
  "dependencies": {
    "@types/lodash": {
      "version": "4.14.129",
      "resolved": "https://registry.npmjs.org/@types/lodash/-/lodash-4.14.129.tgz",
      "integrity": "sha512-oYaV0eSlnOacOr7i4X1FFdH8ttSlb57gu3I9MuStIv2CYkISEY84dNHYsC3bF6sNH7qYcu1BtVrCtQ8Q4KPTfQ==",
      "dev": true
    },
    "firebase-functions-test": {
      "version": "0.1.6",
      "resolved": "https://registry.npmjs.org/firebase-functions-test/-/firebase-functions-test-0.1.6.tgz",
      "integrity": "sha512-sITLbQunI75gL690qFOq4mqxUEcdETEbY4HcLFawWVJC3PmlSFt81mhfZjJe45GJTt1+7xeowaHQx3jpnoPNpA==",
      "dev": true,
      "requires": {
        "@types/lodash": "^4.14.104",
        "lodash": "^4.17.5"
      }
    },
    "lodash": {
      "version": "4.17.11",
      "resolved": "https://registry.npmjs.org/lodash/-/lodash-4.17.11.tgz",
      "integrity": "sha512-cQKh8igo5QUhZ7lg38DYWAxMvjSAKG0A8wGSVimP07SIUEK2UO+arSRKbRZWtelMtN5V0Hkwh5ryOto/SshYIg==",
      "dev": true
    }
  }
}
